{
  "name": "Colour-Forge",
  "lockfileVersion": 3,
  "requires": true,
  "packages": {
    "": {
      "dependencies": {
        "materialize-tags": "^1.2.3"
      }
    },
    "node_modules/corejs-typeahead": {
      "version": "1.2.1",
      "resolved": "https://registry.npmjs.org/corejs-typeahead/-/corejs-typeahead-1.2.1.tgz",
      "integrity": "sha512-g22FqtnuB8CPq4K/dpPW2Th4fW50PCBBc4H1XWyrZQl22BM6JKDw2owfCLMHoCaQQapMkAPfNsUoR/TJeFEgrg==",
      "dependencies": {
        "jquery": ">=1.11"
      }
    },
    "node_modules/hammerjs": {
      "version": "2.0.8",
      "resolved": "https://registry.npmjs.org/hammerjs/-/hammerjs-2.0.8.tgz",
      "integrity": "sha512-tSQXBXS/MWQOn/RKckawJ61vvsDpCom87JgxiYdGwHdOa0ht0vzUWDlfioofFCRU0L+6NGDt6XzbgoJvZkMeRQ==",
      "engines": {
        "node": ">=0.8.0"
      }
    },
    "node_modules/jquery": {
      "version": "3.2.1",
      "resolved": "https://registry.npmjs.org/jquery/-/jquery-3.2.1.tgz",
      "integrity": "sha512-iQUctXqe/nSa7hshPkQnJaJEUfxM139//hg2nJj+wsqVvd/YgXALR3jTNGh7BylgsyfcC8r4i2cJrClGBkDu5Q=="
    },
    "node_modules/materialize-css": {
      "version": "0.100.2",
      "resolved": "https://registry.npmjs.org/materialize-css/-/materialize-css-0.100.2.tgz",
      "integrity": "sha512-Bf4YeoJCIdk4dlpnmVX+DIOJBbqOKwfBPD+tT5bxwXNFMLk649CGbldqtnctkkfMp+fGgSAsdYu9lo1ZolZqgA==",
      "dependencies": {
        "hammerjs": "^2.0.8",
        "jquery": "^3.0.0 || ^2.1.4"
      }
    },
    "node_modules/materialize-tags": {
      "version": "1.2.3",
      "resolved": "https://registry.npmjs.org/materialize-tags/-/materialize-tags-1.2.3.tgz",
      "integrity": "sha512-8WPOPTOPoV6RyfAW4uB2qvNXKf/BjXC9t+Vvs9J2RFh0LnUnKV5wD0eTybwm3u477HIRKshDJYuD28TXi5kUzA==",
      "dependencies": {
        "corejs-typeahead": "1.2.x",
        "jquery": "3.2.x",
        "materialize-css": "0.100.x"
      }
    }
  }
}
